
Microsoft Visual Studio Solution File, Format Version 12.00
# Visual Studio Version 17
VisualStudioVersion = 17.4.33213.308
MinimumVisualStudioVersion = 10.0.40219.1
Project("{FAE04EC0-301F-11D3-BF4B-00C04F79EFBC}") = "WebApi", "WebApi\WebApi.csproj", "{6422303D-4FC1-467F-83CC-B714189158AA}"
EndProject
Global
	GlobalSection(SolutionConfigurationPlatforms) = preSolution
		Debug|Any CPU = Debug|Any CPU
		Release|Any CPU = Release|Any CPU
	EndGlobalSection
	GlobalSection(ProjectConfigurationPlatforms) = postSolution
		{6422303D-4FC1-467F-83CC-B714189158AA}.Debug|Any CPU.ActiveCfg = Debug|Any CPU
		{6422303D-4FC1-467F-83CC-B714189158AA}.Debug|Any CPU.Build.0 = Debug|Any CPU
		{6422303D-4FC1-467F-83CC-B714189158AA}.Release|Any CPU.ActiveCfg = Release|Any CPU
		{6422303D-4FC1-467F-83CC-B714189158AA}.Release|Any CPU.Build.0 = Release|Any CPU
	EndGlobalSection
	GlobalSection(SolutionProperties) = preSolution
		HideSolutionNode = FALSE
	EndGlobalSection
	GlobalSection(ExtensibilityGlobals) = postSolution
		SolutionGuid = {8FA3E2BE-B504-457F-B1D0-50B2FB0B5886}
	EndGlobalSection
EndGlobal
